github.com/oriumgames/nbt v0.1.0 h1:suBvo3I2Owwh4e4iGvqzbfmZQaI29NU/q0btjxdoV/Q=
github.com/oriumgames/nbt v0.1.0/go.mod h1:3ZfSkQQjEVjDrygB1vhW6tUAIhXtFKBthg6Q1zk1qtA=
github.com/oriumgames/nbt v0.2.0 h1:cp1Z4p5M77F9aUPF6m7PRd+kRnhzY3Gb6my2/iKQzzc=
github.com/oriumgames/nbt v0.2.0/go.mod h1:3ZfSkQQjEVjDrygB1vhW6tUAIhXtFKBthg6Q1zk1qtA=
